
Microsoft Visual Studio Solution File, Format Version 12.00
# Visual Studio Version 17
VisualStudioVersion = 17.4.33213.308
MinimumVisualStudioVersion = 10.0.40219.1
Project("{FAE04EC0-301F-11D3-BF4B-00C04F79EFBC}") = "HashingPasswordInSHA256", "HashingPasswordInSHA256\HashingPasswordInSHA256.csproj", "{BFBED32C-F51B-4488-97E8-3E4869CFA557}"
EndProject
Global
	GlobalSection(SolutionConfigurationPlatforms) = preSolution
		Debug|Any CPU = Debug|Any CPU
		Release|Any CPU = Release|Any CPU
	EndGlobalSection
	GlobalSection(ProjectConfigurationPlatforms) = postSolution
		{BFBED32C-F51B-4488-97E8-3E4869CFA557}.Debug|Any CPU.ActiveCfg = Debug|Any CPU
		{BFBED32C-F51B-4488-97E8-3E4869CFA557}.Debug|Any CPU.Build.0 = Debug|Any CPU
		{BFBED32C-F51B-4488-97E8-3E4869CFA557}.Release|Any CPU.ActiveCfg = Release|Any CPU
		{BFBED32C-F51B-4488-97E8-3E4869CFA557}.Release|Any CPU.Build.0 = Release|Any CPU
	EndGlobalSection
	GlobalSection(SolutionProperties) = preSolution
		HideSolutionNode = FALSE
	EndGlobalSection
	GlobalSection(ExtensibilityGlobals) = postSolution
		SolutionGuid = {1B82BF51-2E52-4CA4-A463-43769D260317}
	EndGlobalSection
EndGlobal
